
Microsoft Visual Studio Solution File, Format Version 12.00
# Visual Studio Version 16
VisualStudioVersion = 16.0.30523.141
MinimumVisualStudioVersion = 10.0.40219.1
Project("{FAE04EC0-301F-11D3-BF4B-00C04F79EFBC}") = "Streams", "Streams.csproj", "{006EAA5E-BF2B-40E4-9DC8-6704331B66CA}"
EndProject
Global
	GlobalSection(SolutionConfigurationPlatforms) = preSolution
		Debug|Any CPU = Debug|Any CPU
		Release|Any CPU = Release|Any CPU
	EndGlobalSection
	GlobalSection(ProjectConfigurationPlatforms) = postSolution
		{006EAA5E-BF2B-40E4-9DC8-6704331B66CA}.Debug|Any CPU.ActiveCfg = Debug|Any CPU
		{006EAA5E-BF2B-40E4-9DC8-6704331B66CA}.Debug|Any CPU.Build.0 = Debug|Any CPU
		{006EAA5E-BF2B-40E4-9DC8-6704331B66CA}.Release|Any CPU.ActiveCfg = Release|Any CPU
		{006EAA5E-BF2B-40E4-9DC8-6704331B66CA}.Release|Any CPU.Build.0 = Release|Any CPU
	EndGlobalSection
	GlobalSection(SolutionProperties) = preSolution
		HideSolutionNode = FALSE
	EndGlobalSection
	GlobalSection(ExtensibilityGlobals) = postSolution
		SolutionGuid = {6BCC1033-50F8-4D9F-B499-7945B9409176}
	EndGlobalSection
EndGlobal
